
Microsoft Visual Studio Solution File, Format Version 12.00
# Visual Studio Version 16
VisualStudioVersion = 16.0.30804.86
MinimumVisualStudioVersion = 10.0.40219.1
Project("{FAE04EC0-301F-11D3-BF4B-00C04F79EFBC}") = "FurkanHotel", "FurkanHotel\FurkanHotel.csproj", "{F314BDD8-E329-4CB6-AD55-D29AB5CB5AC1}"
EndProject
Global
	GlobalSection(SolutionConfigurationPlatforms) = preSolution
		Debug|Any CPU = Debug|Any CPU
		Release|Any CPU = Release|Any CPU
	EndGlobalSection
	GlobalSection(ProjectConfigurationPlatforms) = postSolution
		{F314BDD8-E329-4CB6-AD55-D29AB5CB5AC1}.Debug|Any CPU.ActiveCfg = Debug|Any CPU
		{F314BDD8-E329-4CB6-AD55-D29AB5CB5AC1}.Debug|Any CPU.Build.0 = Debug|Any CPU
		{F314BDD8-E329-4CB6-AD55-D29AB5CB5AC1}.Release|Any CPU.ActiveCfg = Release|Any CPU
		{F314BDD8-E329-4CB6-AD55-D29AB5CB5AC1}.Release|Any CPU.Build.0 = Release|Any CPU
	EndGlobalSection
	GlobalSection(SolutionProperties) = preSolution
		HideSolutionNode = FALSE
	EndGlobalSection
	GlobalSection(ExtensibilityGlobals) = postSolution
		SolutionGuid = {9B357B60-0D98-45BF-88C0-DA4080C0A0CB}
	EndGlobalSection
EndGlobal
